Microsoft Visual Studio Solution File, Format Version 12.00
# Visual Studio Version 17
VisualStudioVersion = 17.5.2.0
MinimumVisualStudioVersion = 10.0.40219.1
Project("{FAE04EC0-301F-11D3-BF4B-00C04F79EFBC}") = "01-ProductInventory", "01-ProductInventory\01-ProductInventory.csproj", "{51DC9454-35D1-0D9A-C520-F6E2BF910004}"
EndProject
Global
	GlobalSection(SolutionConfigurationPlatforms) = preSolution
		Debug|Any CPU = Debug|Any CPU
		Release|Any CPU = Release|Any CPU
	EndGlobalSection
	GlobalSection(ProjectConfigurationPlatforms) = postSolution
		{51DC9454-35D1-0D9A-C520-F6E2BF910004}.Debug|Any CPU.ActiveCfg = Debug|Any CPU
		{51DC9454-35D1-0D9A-C520-F6E2BF910004}.Debug|Any CPU.Build.0 = Debug|Any CPU
		{51DC9454-35D1-0D9A-C520-F6E2BF910004}.Release|Any CPU.ActiveCfg = Release|Any CPU
		{51DC9454-35D1-0D9A-C520-F6E2BF910004}.Release|Any CPU.Build.0 = Release|Any CPU
	EndGlobalSection
	GlobalSection(SolutionProperties) = preSolution
		HideSolutionNode = FALSE
	EndGlobalSection
	GlobalSection(ExtensibilityGlobals) = postSolution
		SolutionGuid = {C42DCC52-8D43-4FDC-8B81-11BBBAB2F23B}
	EndGlobalSection
EndGlobal
