Microsoft Visual Studio Solution File, Format Version 12.00
# Visual Studio Version 17
VisualStudioVersion = 17.5.2.0
MinimumVisualStudioVersion = 10.0.40219.1
Project("{FAE04EC0-301F-11D3-BF4B-00C04F79EFBC}") = "05-MethodAndParameters", "05-MethodAndParameters.csproj", "{14546F54-E8B7-591B-3DD7-988FAA437B1A}"
EndProject
Global
	GlobalSection(SolutionConfigurationPlatforms) = preSolution
		Debug|Any CPU = Debug|Any CPU
		Release|Any CPU = Release|Any CPU
	EndGlobalSection
	GlobalSection(ProjectConfigurationPlatforms) = postSolution
		{14546F54-E8B7-591B-3DD7-988FAA437B1A}.Debug|Any CPU.ActiveCfg = Debug|Any CPU
		{14546F54-E8B7-591B-3DD7-988FAA437B1A}.Debug|Any CPU.Build.0 = Debug|Any CPU
		{14546F54-E8B7-591B-3DD7-988FAA437B1A}.Release|Any CPU.ActiveCfg = Release|Any CPU
		{14546F54-E8B7-591B-3DD7-988FAA437B1A}.Release|Any CPU.Build.0 = Release|Any CPU
	EndGlobalSection
	GlobalSection(SolutionProperties) = preSolution
		HideSolutionNode = FALSE
	EndGlobalSection
	GlobalSection(ExtensibilityGlobals) = postSolution
		SolutionGuid = {9A5A3883-1B84-4755-AD32-7A48CEAB71D5}
	EndGlobalSection
EndGlobal
