Microsoft Visual Studio Solution File, Format Version 12.00
# Visual Studio Version 17
VisualStudioVersion = 17.5.2.0
MinimumVisualStudioVersion = 10.0.40219.1
Project("{FAE04EC0-301F-11D3-BF4B-00C04F79EFBC}") = "05-DocumentingApisLecture", "05-DocumentingApisLecture.csproj", "{5DA0EB14-B67F-8870-432C-83C22942F031}"
EndProject
Global
	GlobalSection(SolutionConfigurationPlatforms) = preSolution
		Debug|Any CPU = Debug|Any CPU
		Release|Any CPU = Release|Any CPU
	EndGlobalSection
	GlobalSection(ProjectConfigurationPlatforms) = postSolution
		{5DA0EB14-B67F-8870-432C-83C22942F031}.Debug|Any CPU.ActiveCfg = Debug|Any CPU
		{5DA0EB14-B67F-8870-432C-83C22942F031}.Debug|Any CPU.Build.0 = Debug|Any CPU
		{5DA0EB14-B67F-8870-432C-83C22942F031}.Release|Any CPU.ActiveCfg = Release|Any CPU
		{5DA0EB14-B67F-8870-432C-83C22942F031}.Release|Any CPU.Build.0 = Release|Any CPU
	EndGlobalSection
	GlobalSection(SolutionProperties) = preSolution
		HideSolutionNode = FALSE
	EndGlobalSection
	GlobalSection(ExtensibilityGlobals) = postSolution
		SolutionGuid = {2A598378-A476-4911-874D-390C3E664DC1}
	EndGlobalSection
EndGlobal
