Microsoft Visual Studio Solution File, Format Version 12.00
# Visual Studio Version 17
VisualStudioVersion = 17.5.2.0
MinimumVisualStudioVersion = 10.0.40219.1
Project("{FAE04EC0-301F-11D3-BF4B-00C04F79EFBC}") = "01-BlogApi-HostingTutorial", "01-BlogApi-HostingTutorial.csproj", "{75096642-603B-0FB9-26E8-C9FFBA58EDDD}"
EndProject
Global
	GlobalSection(SolutionConfigurationPlatforms) = preSolution
		Debug|Any CPU = Debug|Any CPU
		Release|Any CPU = Release|Any CPU
	EndGlobalSection
	GlobalSection(ProjectConfigurationPlatforms) = postSolution
		{75096642-603B-0FB9-26E8-C9FFBA58EDDD}.Debug|Any CPU.ActiveCfg = Debug|Any CPU
		{75096642-603B-0FB9-26E8-C9FFBA58EDDD}.Debug|Any CPU.Build.0 = Debug|Any CPU
		{75096642-603B-0FB9-26E8-C9FFBA58EDDD}.Release|Any CPU.ActiveCfg = Release|Any CPU
		{75096642-603B-0FB9-26E8-C9FFBA58EDDD}.Release|Any CPU.Build.0 = Release|Any CPU
	EndGlobalSection
	GlobalSection(SolutionProperties) = preSolution
		HideSolutionNode = FALSE
	EndGlobalSection
	GlobalSection(ExtensibilityGlobals) = postSolution
		SolutionGuid = {8B1C038A-BE2C-4A03-8ECD-B0B6325EAA5B}
	EndGlobalSection
EndGlobal
