Microsoft Visual Studio Solution File, Format Version 12.00
# Visual Studio Version 17
VisualStudioVersion = 17.5.2.0
MinimumVisualStudioVersion = 10.0.40219.1
Project("{FAE04EC0-301F-11D3-BF4B-00C04F79EFBC}") = "03-AsyncExercise-Again", "03-AsyncExercise-Again.csproj", "{CC9988B5-6593-DAEE-2C7C-4ED9D313FF10}"
EndProject
Global
	GlobalSection(SolutionConfigurationPlatforms) = preSolution
		Debug|Any CPU = Debug|Any CPU
		Release|Any CPU = Release|Any CPU
	EndGlobalSection
	GlobalSection(ProjectConfigurationPlatforms) = postSolution
		{CC9988B5-6593-DAEE-2C7C-4ED9D313FF10}.Debug|Any CPU.ActiveCfg = Debug|Any CPU
		{CC9988B5-6593-DAEE-2C7C-4ED9D313FF10}.Debug|Any CPU.Build.0 = Debug|Any CPU
		{CC9988B5-6593-DAEE-2C7C-4ED9D313FF10}.Release|Any CPU.ActiveCfg = Release|Any CPU
		{CC9988B5-6593-DAEE-2C7C-4ED9D313FF10}.Release|Any CPU.Build.0 = Release|Any CPU
	EndGlobalSection
	GlobalSection(SolutionProperties) = preSolution
		HideSolutionNode = FALSE
	EndGlobalSection
	GlobalSection(ExtensibilityGlobals) = postSolution
		SolutionGuid = {CE72F823-F2EC-4E41-889C-ACACFABA37FC}
	EndGlobalSection
EndGlobal
