Microsoft Visual Studio Solution File, Format Version 12.00
# Visual Studio Version 17
VisualStudioVersion = 17.5.2.0
MinimumVisualStudioVersion = 10.0.40219.1
Project("{FAE04EC0-301F-11D3-BF4B-00C04F79EFBC}") = "02-LinqFilteringSelectingOrdering", "02-LinqFilteringSelectingOrdering.csproj", "{7FF492FC-6A45-9DDA-3D30-0B5913C684D5}"
EndProject
Global
	GlobalSection(SolutionConfigurationPlatforms) = preSolution
		Debug|Any CPU = Debug|Any CPU
		Release|Any CPU = Release|Any CPU
	EndGlobalSection
	GlobalSection(ProjectConfigurationPlatforms) = postSolution
		{7FF492FC-6A45-9DDA-3D30-0B5913C684D5}.Debug|Any CPU.ActiveCfg = Debug|Any CPU
		{7FF492FC-6A45-9DDA-3D30-0B5913C684D5}.Debug|Any CPU.Build.0 = Debug|Any CPU
		{7FF492FC-6A45-9DDA-3D30-0B5913C684D5}.Release|Any CPU.ActiveCfg = Release|Any CPU
		{7FF492FC-6A45-9DDA-3D30-0B5913C684D5}.Release|Any CPU.Build.0 = Release|Any CPU
	EndGlobalSection
	GlobalSection(SolutionProperties) = preSolution
		HideSolutionNode = FALSE
	EndGlobalSection
	GlobalSection(ExtensibilityGlobals) = postSolution
		SolutionGuid = {4998C54A-6E76-4A8B-A606-22AD94C78144}
	EndGlobalSection
EndGlobal
