Microsoft Visual Studio Solution File, Format Version 12.00
# Visual Studio Version 17
VisualStudioVersion = 17.5.2.0
MinimumVisualStudioVersion = 10.0.40219.1
Project("{FAE04EC0-301F-11D3-BF4B-00C04F79EFBC}") = "01-BookLibrary", "01-BookLibrary.csproj", "{42157822-FD7C-86F3-5334-6D696D087E49}"
EndProject
Global
	GlobalSection(SolutionConfigurationPlatforms) = preSolution
		Debug|Any CPU = Debug|Any CPU
		Release|Any CPU = Release|Any CPU
	EndGlobalSection
	GlobalSection(ProjectConfigurationPlatforms) = postSolution
		{42157822-FD7C-86F3-5334-6D696D087E49}.Debug|Any CPU.ActiveCfg = Debug|Any CPU
		{42157822-FD7C-86F3-5334-6D696D087E49}.Debug|Any CPU.Build.0 = Debug|Any CPU
		{42157822-FD7C-86F3-5334-6D696D087E49}.Release|Any CPU.ActiveCfg = Release|Any CPU
		{42157822-FD7C-86F3-5334-6D696D087E49}.Release|Any CPU.Build.0 = Release|Any CPU
	EndGlobalSection
	GlobalSection(SolutionProperties) = preSolution
		HideSolutionNode = FALSE
	EndGlobalSection
	GlobalSection(ExtensibilityGlobals) = postSolution
		SolutionGuid = {E7ADC10E-8CA2-4FA7-8E86-693732227B99}
	EndGlobalSection
EndGlobal
