Microsoft Visual Studio Solution File, Format Version 12.00
# Visual Studio Version 17
VisualStudioVersion = 17.5.2.0
MinimumVisualStudioVersion = 10.0.40219.1
Project("{FAE04EC0-301F-11D3-BF4B-00C04F79EFBC}") = "07-ContactBook", "07-ContactBook.csproj", "{D849151E-0F60-8E94-EDCA-7557292ABCFE}"
EndProject
Global
	GlobalSection(SolutionConfigurationPlatforms) = preSolution
		Debug|Any CPU = Debug|Any CPU
		Release|Any CPU = Release|Any CPU
	EndGlobalSection
	GlobalSection(ProjectConfigurationPlatforms) = postSolution
		{D849151E-0F60-8E94-EDCA-7557292ABCFE}.Debug|Any CPU.ActiveCfg = Debug|Any CPU
		{D849151E-0F60-8E94-EDCA-7557292ABCFE}.Debug|Any CPU.Build.0 = Debug|Any CPU
		{D849151E-0F60-8E94-EDCA-7557292ABCFE}.Release|Any CPU.ActiveCfg = Release|Any CPU
		{D849151E-0F60-8E94-EDCA-7557292ABCFE}.Release|Any CPU.Build.0 = Release|Any CPU
	EndGlobalSection
	GlobalSection(SolutionProperties) = preSolution
		HideSolutionNode = FALSE
	EndGlobalSection
	GlobalSection(ExtensibilityGlobals) = postSolution
		SolutionGuid = {BB9FF8DF-1CF4-4AE6-A178-AD954979C334}
	EndGlobalSection
EndGlobal
