Microsoft Visual Studio Solution File, Format Version 12.00
# Visual Studio Version 17
VisualStudioVersion = 17.5.2.0
MinimumVisualStudioVersion = 10.0.40219.1
Project("{FAE04EC0-301F-11D3-BF4B-00C04F79EFBC}") = "06-ValueVsReferenceTypes", "06-ValueVsReferenceTypes.csproj", "{01968076-D855-9FC7-975D-A02A136FAB05}"
EndProject
Global
	GlobalSection(SolutionConfigurationPlatforms) = preSolution
		Debug|Any CPU = Debug|Any CPU
		Release|Any CPU = Release|Any CPU
	EndGlobalSection
	GlobalSection(ProjectConfigurationPlatforms) = postSolution
		{01968076-D855-9FC7-975D-A02A136FAB05}.Debug|Any CPU.ActiveCfg = Debug|Any CPU
		{01968076-D855-9FC7-975D-A02A136FAB05}.Debug|Any CPU.Build.0 = Debug|Any CPU
		{01968076-D855-9FC7-975D-A02A136FAB05}.Release|Any CPU.ActiveCfg = Release|Any CPU
		{01968076-D855-9FC7-975D-A02A136FAB05}.Release|Any CPU.Build.0 = Release|Any CPU
	EndGlobalSection
	GlobalSection(SolutionProperties) = preSolution
		HideSolutionNode = FALSE
	EndGlobalSection
	GlobalSection(ExtensibilityGlobals) = postSolution
		SolutionGuid = {05A799EB-CBE0-492F-87E5-27C228821EB3}
	EndGlobalSection
EndGlobal
